
Microsoft Visual Studio Solution File, Format Version 12.00
# Visual Studio Version 17
VisualStudioVersion = 17.9.34310.174
MinimumVisualStudioVersion = 10.0.40219.1
Project("{FAE04EC0-301F-11D3-BF4B-00C04F79EFBC}") = "BlazorAppMitLogin", "BlazorAppMitLogin\BlazorAppMitLogin.csproj", "{A58DCF26-4B9A-43BE-8090-51461D20DD98}"
EndProject
Global
	GlobalSection(SolutionConfigurationPlatforms) = preSolution
		Debug|Any CPU = Debug|Any CPU
		Release|Any CPU = Release|Any CPU
	EndGlobalSection
	GlobalSection(ProjectConfigurationPlatforms) = postSolution
		{A58DCF26-4B9A-43BE-8090-51461D20DD98}.Debug|Any CPU.ActiveCfg = Debug|Any CPU
		{A58DCF26-4B9A-43BE-8090-51461D20DD98}.Debug|Any CPU.Build.0 = Debug|Any CPU
		{A58DCF26-4B9A-43BE-8090-51461D20DD98}.Release|Any CPU.ActiveCfg = Release|Any CPU
		{A58DCF26-4B9A-43BE-8090-51461D20DD98}.Release|Any CPU.Build.0 = Release|Any CPU
	EndGlobalSection
	GlobalSection(SolutionProperties) = preSolution
		HideSolutionNode = FALSE
	EndGlobalSection
	GlobalSection(ExtensibilityGlobals) = postSolution
		SolutionGuid = {050F4353-08E0-4910-B3D0-18539703507E}
	EndGlobalSection
EndGlobal
