
Microsoft Visual Studio Solution File, Format Version 12.00
# Visual Studio Version 17
VisualStudioVersion = 17.9.34310.174
MinimumVisualStudioVersion = 10.0.40219.1
Project("{FAE04EC0-301F-11D3-BF4B-00C04F79EFBC}") = "FunctionApp1", "FunctionApp1\FunctionApp1.csproj", "{FEB7A357-9E60-4690-84A4-5AA103BFFED7}"
EndProject
Global
	GlobalSection(SolutionConfigurationPlatforms) = preSolution
		Debug|Any CPU = Debug|Any CPU
		Release|Any CPU = Release|Any CPU
	EndGlobalSection
	GlobalSection(ProjectConfigurationPlatforms) = postSolution
		{FEB7A357-9E60-4690-84A4-5AA103BFFED7}.Debug|Any CPU.ActiveCfg = Debug|Any CPU
		{FEB7A357-9E60-4690-84A4-5AA103BFFED7}.Debug|Any CPU.Build.0 = Debug|Any CPU
		{FEB7A357-9E60-4690-84A4-5AA103BFFED7}.Release|Any CPU.ActiveCfg = Release|Any CPU
		{FEB7A357-9E60-4690-84A4-5AA103BFFED7}.Release|Any CPU.Build.0 = Release|Any CPU
	EndGlobalSection
	GlobalSection(SolutionProperties) = preSolution
		HideSolutionNode = FALSE
	EndGlobalSection
	GlobalSection(ExtensibilityGlobals) = postSolution
		SolutionGuid = {9FE963A9-FE13-443D-9BEA-67CF891739A1}
	EndGlobalSection
EndGlobal
