
Microsoft Visual Studio Solution File, Format Version 12.00
# Visual Studio Version 17
VisualStudioVersion = 17.9.34310.174
MinimumVisualStudioVersion = 10.0.40219.1
Project("{FAE04EC0-301F-11D3-BF4B-00C04F79EFBC}") = "StorageQueue", "StorageQueue\StorageQueue.csproj", "{9BF82C44-9617-43AF-8EF1-F936B4A2304B}"
EndProject
Global
	GlobalSection(SolutionConfigurationPlatforms) = preSolution
		Debug|Any CPU = Debug|Any CPU
		Release|Any CPU = Release|Any CPU
	EndGlobalSection
	GlobalSection(ProjectConfigurationPlatforms) = postSolution
		{9BF82C44-9617-43AF-8EF1-F936B4A2304B}.Debug|Any CPU.ActiveCfg = Debug|Any CPU
		{9BF82C44-9617-43AF-8EF1-F936B4A2304B}.Debug|Any CPU.Build.0 = Debug|Any CPU
		{9BF82C44-9617-43AF-8EF1-F936B4A2304B}.Release|Any CPU.ActiveCfg = Release|Any CPU
		{9BF82C44-9617-43AF-8EF1-F936B4A2304B}.Release|Any CPU.Build.0 = Release|Any CPU
	EndGlobalSection
	GlobalSection(SolutionProperties) = preSolution
		HideSolutionNode = FALSE
	EndGlobalSection
	GlobalSection(ExtensibilityGlobals) = postSolution
		SolutionGuid = {C41CE242-FCDF-40F6-B3A3-4D3C50A6869D}
	EndGlobalSection
EndGlobal
