Microsoft Visual Studio Solution File, Format Version 12.00
# Visual Studio Version 17
VisualStudioVersion = 17.9.34310.174
MinimumVisualStudioVersion = 10.0.40219.1
Project("{FAE04EC0-301F-11D3-BF4B-00C04F79EFBC}") = "AspireApp1.AppHost", "AspireApp1.AppHost\AspireApp1.AppHost.csproj", "{96744BF6-E5F4-4420-9A00-82CE5FE2D4B8}"
EndProject
Project("{9A19103F-16F7-4668-BE54-9A1E7A4F7556}") = "AspireApp1.ServiceDefaults", "AspireApp1.ServiceDefaults\AspireApp1.ServiceDefaults.csproj", "{E9E9FE14-8594-47B3-8FDA-A3051BC19DFD}"
EndProject
Project("{9A19103F-16F7-4668-BE54-9A1E7A4F7556}") = "AspireApp1.ApiService", "AspireApp1.ApiService\AspireApp1.ApiService.csproj", "{94B4F45C-A4FF-4F3D-9F24-B93361763BEC}"
EndProject
Project("{9A19103F-16F7-4668-BE54-9A1E7A4F7556}") = "AspireApp1.Web", "AspireApp1.Web\AspireApp1.Web.csproj", "{45E4705D-39D7-44DD-BC4F-2E0C96DAFE1B}"
EndProject
Global
	GlobalSection(SolutionConfigurationPlatforms) = preSolution
		Debug|Any CPU = Debug|Any CPU
		Release|Any CPU = Release|Any CPU
	EndGlobalSection
	GlobalSection(ProjectConfigurationPlatforms) = postSolution
		{96744BF6-E5F4-4420-9A00-82CE5FE2D4B8}.Debug|Any CPU.ActiveCfg = Debug|Any CPU
		{96744BF6-E5F4-4420-9A00-82CE5FE2D4B8}.Debug|Any CPU.Build.0 = Debug|Any CPU
		{96744BF6-E5F4-4420-9A00-82CE5FE2D4B8}.Release|Any CPU.ActiveCfg = Release|Any CPU
		{96744BF6-E5F4-4420-9A00-82CE5FE2D4B8}.Release|Any CPU.Build.0 = Release|Any CPU
		{E9E9FE14-8594-47B3-8FDA-A3051BC19DFD}.Debug|Any CPU.ActiveCfg = Debug|Any CPU
		{E9E9FE14-8594-47B3-8FDA-A3051BC19DFD}.Debug|Any CPU.Build.0 = Debug|Any CPU
		{E9E9FE14-8594-47B3-8FDA-A3051BC19DFD}.Release|Any CPU.ActiveCfg = Release|Any CPU
		{E9E9FE14-8594-47B3-8FDA-A3051BC19DFD}.Release|Any CPU.Build.0 = Release|Any CPU
		{94B4F45C-A4FF-4F3D-9F24-B93361763BEC}.Debug|Any CPU.ActiveCfg = Debug|Any CPU
		{94B4F45C-A4FF-4F3D-9F24-B93361763BEC}.Debug|Any CPU.Build.0 = Debug|Any CPU
		{94B4F45C-A4FF-4F3D-9F24-B93361763BEC}.Release|Any CPU.ActiveCfg = Release|Any CPU
		{94B4F45C-A4FF-4F3D-9F24-B93361763BEC}.Release|Any CPU.Build.0 = Release|Any CPU
		{45E4705D-39D7-44DD-BC4F-2E0C96DAFE1B}.Debug|Any CPU.ActiveCfg = Debug|Any CPU
		{45E4705D-39D7-44DD-BC4F-2E0C96DAFE1B}.Debug|Any CPU.Build.0 = Debug|Any CPU
		{45E4705D-39D7-44DD-BC4F-2E0C96DAFE1B}.Release|Any CPU.ActiveCfg = Release|Any CPU
		{45E4705D-39D7-44DD-BC4F-2E0C96DAFE1B}.Release|Any CPU.Build.0 = Release|Any CPU
	EndGlobalSection
	GlobalSection(SolutionProperties) = preSolution
		HideSolutionNode = FALSE
	EndGlobalSection
	GlobalSection(ExtensibilityGlobals) = postSolution
		SolutionGuid = {4B6213FC-61C7-4BF0-AA45-1858440F12F4}
	EndGlobalSection
EndGlobal
