
Microsoft Visual Studio Solution File, Format Version 12.00
# Visual Studio Version 17
VisualStudioVersion = 17.9.34310.174
MinimumVisualStudioVersion = 10.0.40219.1
Project("{FAE04EC0-301F-11D3-BF4B-00C04F79EFBC}") = "DocumentAiClient", "DocumentAiClient\DocumentAiClient.csproj", "{B29A9AED-0C3F-46DD-8E48-7FD01E22542A}"
EndProject
Global
	GlobalSection(SolutionConfigurationPlatforms) = preSolution
		Debug|Any CPU = Debug|Any CPU
		Release|Any CPU = Release|Any CPU
	EndGlobalSection
	GlobalSection(ProjectConfigurationPlatforms) = postSolution
		{B29A9AED-0C3F-46DD-8E48-7FD01E22542A}.Debug|Any CPU.ActiveCfg = Debug|Any CPU
		{B29A9AED-0C3F-46DD-8E48-7FD01E22542A}.Debug|Any CPU.Build.0 = Debug|Any CPU
		{B29A9AED-0C3F-46DD-8E48-7FD01E22542A}.Release|Any CPU.ActiveCfg = Release|Any CPU
		{B29A9AED-0C3F-46DD-8E48-7FD01E22542A}.Release|Any CPU.Build.0 = Release|Any CPU
	EndGlobalSection
	GlobalSection(SolutionProperties) = preSolution
		HideSolutionNode = FALSE
	EndGlobalSection
	GlobalSection(ExtensibilityGlobals) = postSolution
		SolutionGuid = {421315A8-892A-436D-9B90-581D27AB66B0}
	EndGlobalSection
EndGlobal
